{
  "name": "supilang",
  "version": "1.0.0",
  "lockfileVersion": 2,
  "requires": true,
  "packages": {
    "": {
      "name": "supilang",
      "version": "1.0.0",
      "license": "ISC",
      "dependencies": {
        "chiffon": "^2.5.4"
      }
    },
    "node_modules/chiffon": {
      "version": "2.5.4",
      "resolved": "https://registry.npmjs.org/chiffon/-/chiffon-2.5.4.tgz",
      "integrity": "sha1-57wOSGzkXvltX++1I3Y40Lvkfy8="
    }
  },
  "dependencies": {
    "chiffon": {
      "version": "2.5.4",
      "resolved": "https://registry.npmjs.org/chiffon/-/chiffon-2.5.4.tgz",
      "integrity": "sha1-57wOSGzkXvltX++1I3Y40Lvkfy8="
    }
  }
}
